schema: '2.0'
stages:
  preprocess:
    cmd: python src/preprocess.py
    deps:
    - path: data/raw
      hash: md5
      md5: ab3353d41bd7a24a20a31f29b64e3b3c.dir
      size: 66544770
      nfiles: 8
    - path: experiments/experiment.yaml
      hash: md5
      md5: e542daaaa664e51c2c458ec41f318b4a
      size: 63
    - path: params.yaml
      hash: md5
      md5: d6e815577ba5ea5d7944d044392da482
      size: 102
    - path: src/preprocess.py
      hash: md5
      md5: 8ab3c15feaa188258032683c5a139b43
      size: 1522
    outs:
    - path: data/processed
      hash: md5
      md5: 3d39c3601c6a28328f133761eebbc323.dir
      size: 188642222
      nfiles: 2
  train:
    cmd: python src/train.py
    deps:
    - path: data/processed
      hash: md5
      md5: 3d39c3601c6a28328f133761eebbc323.dir
      size: 188642222
      nfiles: 2
    - path: experiments/experiment.yaml
      hash: md5
      md5: e542daaaa664e51c2c458ec41f318b4a
      size: 63
    - path: params.yaml
      hash: md5
      md5: d6e815577ba5ea5d7944d044392da482
      size: 102
    - path: src/model.py
      hash: md5
      md5: 3c8177d5f84f4543ee9070f025927c79
      size: 222
    - path: src/train.py
      hash: md5
      md5: 57791792c9a6449d4fca8dc2f18fe42a
      size: 1607
    outs:
    - path: metrics.json
      hash: md5
      md5: 8294bafe28d9edad75de35ca85fa95e0
      size: 60
    - path: model.pt
      hash: md5
      md5: a193111fe9149ea49fe245688c386d86
      size: 32844
  create_experiment:
    cmd: python src/create_experiment.py
    deps:
    - path: src/create_experiment.py
      hash: md5
      md5: 0361e6baa1b13e7cb70d3e61a69d673a
      size: 384
    outs:
    - path: experiments/experiment.yaml
      hash: md5
      md5: e542daaaa664e51c2c458ec41f318b4a
      size: 63
