schema: '2.0'
stages:
  preprocess:
    cmd: python src/preprocess.py
    deps:
    - path: data/raw
      hash: md5
      md5: ab3353d41bd7a24a20a31f29b64e3b3c.dir
      size: 66544770
      nfiles: 8
    - path: params.yaml
      hash: md5
      md5: c40d976e40f276977ef72f41bf23bc84
      size: 89
    - path: src/preprocess.py
      hash: md5
      md5: 87f00b1743382d8f4398cc25e8bf6889
      size: 843
    outs:
    - path: data/processed
      hash: md5
      md5: aaa4d5082e91da12527aa65d1e30e8eb.dir
      size: 188643012
      nfiles: 2
  train:
    cmd: python src/train.py
    deps:
    - path: data/processed
      hash: md5
      md5: aaa4d5082e91da12527aa65d1e30e8eb.dir
      size: 188643012
      nfiles: 2
    - path: params.yaml
      hash: md5
      md5: c40d976e40f276977ef72f41bf23bc84
      size: 89
    - path: src/model.py
      hash: md5
      md5: 3c8177d5f84f4543ee9070f025927c79
      size: 222
    - path: src/train.py
      hash: md5
      md5: b9eb17bdf234da24eea9e31aafe0d208
      size: 903
    outs:
    - path: metrics.json
      hash: md5
      md5: 4873d179b46176465b795a494ef854c8
      size: 61
    - path: model.pt
      hash: md5
      md5: cfd915a14582644c38a7c3fa407750fe
      size: 33237
