schema: '2.0'
stages:
  preprocess:
    cmd: python src/preprocess.py
    deps:
    - path: data/raw
      hash: md5
      md5: ab3353d41bd7a24a20a31f29b64e3b3c.dir
      size: 66544770
      nfiles: 8
    - path: experiments/experiment.yaml
      hash: md5
      md5: 737a54b017f21a29a8fa5f5be488ad4a
      size: 63
    - path: params.yaml
      hash: md5
      md5: 02b0fca1957a48f054fc11b7b30d36bd
      size: 120
    - path: src/preprocess.py
      hash: md5
      md5: afa55dbfe24e1d7e6ae9adbabcd96b90
      size: 1534
    outs:
    - path: data/processed
      hash: md5
      md5: a79b6bf167649271a62dca8d7650a2f8.dir
      size: 188642222
      nfiles: 2
  train:
    cmd: python src/train.py
    deps:
    - path: data/processed
      hash: md5
      md5: a79b6bf167649271a62dca8d7650a2f8.dir
      size: 188642222
      nfiles: 2
    - path: experiments/experiment.yaml
      hash: md5
      md5: 737a54b017f21a29a8fa5f5be488ad4a
      size: 63
    - path: params.yaml
      hash: md5
      md5: 02b0fca1957a48f054fc11b7b30d36bd
      size: 120
    - path: src/model.py
      hash: md5
      md5: f321df74c230947e1af715d395296841
      size: 369
    - path: src/train.py
      hash: md5
      md5: 7b2d5faba528078cab32575ea2fe1b06
      size: 2253
    outs:
    - path: metrics.json
      hash: md5
      md5: 08a40fe402c2bf7ae3a5d9a1767e7fd4
      size: 62
    - path: model.pt
      hash: md5
      md5: 5ed2baeec57c6754364d2142ccd15923
      size: 942900
  create_experiment:
    cmd: python src/create_experiment.py
    deps:
    - path: src/create_experiment.py
      hash: md5
      md5: 0361e6baa1b13e7cb70d3e61a69d673a
      size: 384
    outs:
    - path: experiments/experiment.yaml
      hash: md5
      md5: 737a54b017f21a29a8fa5f5be488ad4a
      size: 63
  predict:
    cmd: python src/predict.py
    deps:
    - path: data/processed
      hash: md5
      md5: a79b6bf167649271a62dca8d7650a2f8.dir
      size: 188642222
      nfiles: 2
    - path: experiments/experiment.yaml
      hash: md5
      md5: 737a54b017f21a29a8fa5f5be488ad4a
      size: 63
    - path: model.pt
      hash: md5
      md5: 5ed2baeec57c6754364d2142ccd15923
      size: 942900
    - path: params.yaml
      hash: md5
      md5: 02b0fca1957a48f054fc11b7b30d36bd
      size: 120
    - path: src/model.py
      hash: md5
      md5: f321df74c230947e1af715d395296841
      size: 369
    - path: src/train.py
      hash: md5
      md5: 7b2d5faba528078cab32575ea2fe1b06
      size: 2253
